
Microsoft Visual Studio Solution File, Format Version 12.00
# Visual Studio 2015
Project("{FAE04EC0-301F-11D3-BF4B-00C04F79EFBC}") = "AnAngularAdventure", "AnAngularAdventure.csproj", "{D415EED8-7317-BE2B-A262-EE615412E76A}"
EndProject
Project("{FAE04EC0-301F-11D3-BF4B-00C04F79EFBC}") = "AnAngularAdventure.Editor", "AnAngularAdventure.Editor.csproj", "{A666B222-3C4B-50FC-F4D9-DE6B5DA611D9}"
EndProject
Global
	GlobalSection(SolutionConfigurationPlatforms) = preSolution
		Debug|Any CPU = Debug|Any CPU
		Release|Any CPU = Release|Any CPU
	EndGlobalSection
	GlobalSection(ProjectConfigurationPlatforms) = postSolution
		{D415EED8-7317-BE2B-A262-EE615412E76A}.Debug|Any CPU.ActiveCfg = Debug|Any CPU
		{D415EED8-7317-BE2B-A262-EE615412E76A}.Debug|Any CPU.Build.0 = Debug|Any CPU
		{D415EED8-7317-BE2B-A262-EE615412E76A}.Release|Any CPU.ActiveCfg = Release|Any CPU
		{D415EED8-7317-BE2B-A262-EE615412E76A}.Release|Any CPU.Build.0 = Release|Any CPU
		{A666B222-3C4B-50FC-F4D9-DE6B5DA611D9}.Debug|Any CPU.ActiveCfg = Debug|Any CPU
		{A666B222-3C4B-50FC-F4D9-DE6B5DA611D9}.Debug|Any CPU.Build.0 = Debug|Any CPU
		{A666B222-3C4B-50FC-F4D9-DE6B5DA611D9}.Release|Any CPU.ActiveCfg = Release|Any CPU
		{A666B222-3C4B-50FC-F4D9-DE6B5DA611D9}.Release|Any CPU.Build.0 = Release|Any CPU
	EndGlobalSection
	GlobalSection(SolutionProperties) = preSolution
		HideSolutionNode = FALSE
	EndGlobalSection
EndGlobal
